
Microsoft Visual Studio Solution File, Format Version 12.00
# Visual Studio Version 17
VisualStudioVersion = 17.9.34723.18
MinimumVisualStudioVersion = 10.0.40219.1
Project("{8BC9CEB8-8B4A-11D0-8D11-00A0C91BC942}") = "minesweeper", "minesweeper\minesweeper.vcxproj", "{109FD197-6952-461F-88E5-BC2ADCFE9191}"
EndProject
Project("{8BC9CEB8-8B4A-11D0-8D11-00A0C91BC942}") = "minesweeper-linux", "minesweeper-linux\minesweeper-linux.vcxproj", "{E6D78937-07F8-4B17-B8F7-7704740F6F7C}"
EndProject
Global
	GlobalSection(SolutionConfigurationPlatforms) = preSolution
		Debug|ARM = Debug|ARM
		Debug|ARM64 = Debug|ARM64
		Debug|x64 = Debug|x64
		Debug|x86 = Debug|x86
		Release|ARM = Release|ARM
		Release|ARM64 = Release|ARM64
		Release|x64 = Release|x64
		Release|x86 = Release|x86
	EndGlobalSection
	GlobalSection(ProjectConfigurationPlatforms) = postSolution
		{109FD197-6952-461F-88E5-BC2ADCFE9191}.Debug|ARM.ActiveCfg = Debug|ARM
		{109FD197-6952-461F-88E5-BC2ADCFE9191}.Debug|ARM.Build.0 = Debug|ARM
		{109FD197-6952-461F-88E5-BC2ADCFE9191}.Debug|ARM64.ActiveCfg = Debug|ARM64
		{109FD197-6952-461F-88E5-BC2ADCFE9191}.Debug|ARM64.Build.0 = Debug|ARM64
		{109FD197-6952-461F-88E5-BC2ADCFE9191}.Debug|x64.ActiveCfg = Debug|x64
		{109FD197-6952-461F-88E5-BC2ADCFE9191}.Debug|x64.Build.0 = Debug|x64
		{109FD197-6952-461F-88E5-BC2ADCFE9191}.Debug|x86.ActiveCfg = Debug|Win32
		{109FD197-6952-461F-88E5-BC2ADCFE9191}.Debug|x86.Build.0 = Debug|Win32
		{109FD197-6952-461F-88E5-BC2ADCFE9191}.Release|ARM.ActiveCfg = Release|ARM
		{109FD197-6952-461F-88E5-BC2ADCFE9191}.Release|ARM.Build.0 = Release|ARM
		{109FD197-6952-461F-88E5-BC2ADCFE9191}.Release|ARM64.ActiveCfg = Release|ARM64
		{109FD197-6952-461F-88E5-BC2ADCFE9191}.Release|ARM64.Build.0 = Release|ARM64
		{109FD197-6952-461F-88E5-BC2ADCFE9191}.Release|x64.ActiveCfg = Release|x64
		{109FD197-6952-461F-88E5-BC2ADCFE9191}.Release|x64.Build.0 = Release|x64
		{109FD197-6952-461F-88E5-BC2ADCFE9191}.Release|x86.ActiveCfg = Release|Win32
		{109FD197-6952-461F-88E5-BC2ADCFE9191}.Release|x86.Build.0 = Release|Win32
		{E6D78937-07F8-4B17-B8F7-7704740F6F7C}.Debug|ARM.ActiveCfg = Debug|ARM
		{E6D78937-07F8-4B17-B8F7-7704740F6F7C}.Debug|ARM.Build.0 = Debug|ARM
		{E6D78937-07F8-4B17-B8F7-7704740F6F7C}.Debug|ARM.Deploy.0 = Debug|ARM
		{E6D78937-07F8-4B17-B8F7-7704740F6F7C}.Debug|ARM64.ActiveCfg = Debug|ARM64
		{E6D78937-07F8-4B17-B8F7-7704740F6F7C}.Debug|ARM64.Build.0 = Debug|ARM64
		{E6D78937-07F8-4B17-B8F7-7704740F6F7C}.Debug|ARM64.Deploy.0 = Debug|ARM64
		{E6D78937-07F8-4B17-B8F7-7704740F6F7C}.Debug|x64.ActiveCfg = Debug|x64
		{E6D78937-07F8-4B17-B8F7-7704740F6F7C}.Debug|x64.Build.0 = Debug|x64
		{E6D78937-07F8-4B17-B8F7-7704740F6F7C}.Debug|x64.Deploy.0 = Debug|x64
		{E6D78937-07F8-4B17-B8F7-7704740F6F7C}.Debug|x86.ActiveCfg = Debug|x86
		{E6D78937-07F8-4B17-B8F7-7704740F6F7C}.Debug|x86.Build.0 = Debug|x86
		{E6D78937-07F8-4B17-B8F7-7704740F6F7C}.Debug|x86.Deploy.0 = Debug|x86
		{E6D78937-07F8-4B17-B8F7-7704740F6F7C}.Release|ARM.ActiveCfg = Release|ARM
		{E6D78937-07F8-4B17-B8F7-7704740F6F7C}.Release|ARM.Build.0 = Release|ARM
		{E6D78937-07F8-4B17-B8F7-7704740F6F7C}.Release|ARM.Deploy.0 = Release|ARM
		{E6D78937-07F8-4B17-B8F7-7704740F6F7C}.Release|ARM64.ActiveCfg = Release|ARM64
		{E6D78937-07F8-4B17-B8F7-7704740F6F7C}.Release|ARM64.Build.0 = Release|ARM64
		{E6D78937-07F8-4B17-B8F7-7704740F6F7C}.Release|ARM64.Deploy.0 = Release|ARM64
		{E6D78937-07F8-4B17-B8F7-7704740F6F7C}.Release|x64.ActiveCfg = Release|x64
		{E6D78937-07F8-4B17-B8F7-7704740F6F7C}.Release|x64.Build.0 = Release|x64
		{E6D78937-07F8-4B17-B8F7-7704740F6F7C}.Release|x64.Deploy.0 = Release|x64
		{E6D78937-07F8-4B17-B8F7-7704740F6F7C}.Release|x86.ActiveCfg = Release|x86
		{E6D78937-07F8-4B17-B8F7-7704740F6F7C}.Release|x86.Build.0 = Release|x86
		{E6D78937-07F8-4B17-B8F7-7704740F6F7C}.Release|x86.Deploy.0 = Release|x86
	EndGlobalSection
	GlobalSection(SolutionProperties) = preSolution
		HideSolutionNode = FALSE
	EndGlobalSection
	GlobalSection(ExtensibilityGlobals) = postSolution
		SolutionGuid = {BA2CDF18-0E38-41C2-B3F8-73F824030E2A}
	EndGlobalSection
EndGlobal
